<?xml version="1.0" encoding="UTF-8" standalone="yes" ?>
<CodeBlocks_project_file>
	<FileVersion major="1" minor="6" />
	<Project>
		<Option title="ADC" />
		<Option pch_mode="2" />
		<Option compiler="gcc" />
		<Build>
			<Target title="Release">
				<Option output="bin/Release/ADC" prefix_auto="1" extension_auto="1" />
				<Option object_output="obj/Release/" />
				<Option type="1" />
				<Option compiler="gcc" />
				<Compiler>
					<Add option="-O2" />
				</Compiler>
				<Linker>
					<Add option="-s" />
				</Linker>
			</Target>
		</Build>
		<Compiler>
			<Add option="-Wall" />
		</Compiler>
		<Unit filename="ADC.cpp" />
		<Unit filename="ADC.h" />
		<Unit filename="examples/analogContinuousDifferentialRead/analogContinuousDifferentialRead.ino" />
		<Unit filename="examples/analogContinuousReadInterrupts/analogContinuousReadInterrupts.ino" />
		<Unit filename="examples/analogContinuousRead/analogContinuousRead.ino" />
		<Unit filename="examples/analogDifferentialRead/analogDifferentialRead.ino" />
		<Unit filename="examples/analogReadIntervalTimer/analogReadIntervalTimer.ino" />
		<Unit filename="examples/analogRead/analogRead.ino" />
		<Extensions>
			<DoxyBlocks>
				<comment_style block="0" line="0" />
				<doxyfile_project />
				<doxyfile_build />
				<doxyfile_warnings />
				<doxyfile_output />
				<doxyfile_dot />
				<general />
			</DoxyBlocks>
			<code_completion />
			<envvars />
			<debugger />
			<lib_finder disable_auto="1" />
		</Extensions>
	</Project>
</CodeBlocks_project_file>
